
Microsoft Visual Studio Solution File, Format Version 12.00
# Visual Studio Version 17
VisualStudioVersion = 17.3.32922.545
MinimumVisualStudioVersion = 10.0.40219.1
Project("{FAE04EC0-301F-11D3-BF4B-00C04F79EFBC}") = "ShimanIdiNaHui", "ShimanIdiNaHui\ShimanIdiNaHui.csproj", "{BA2E562E-2D3D-46B7-8881-B5823EED725B}"
EndProject
Global
	GlobalSection(SolutionConfigurationPlatforms) = preSolution
		Debug|Any CPU = Debug|Any CPU
		Release|Any CPU = Release|Any CPU
	EndGlobalSection
	GlobalSection(ProjectConfigurationPlatforms) = postSolution
		{BA2E562E-2D3D-46B7-8881-B5823EED725B}.Debug|Any CPU.ActiveCfg = Debug|Any CPU
		{BA2E562E-2D3D-46B7-8881-B5823EED725B}.Debug|Any CPU.Build.0 = Debug|Any CPU
		{BA2E562E-2D3D-46B7-8881-B5823EED725B}.Release|Any CPU.ActiveCfg = Release|Any CPU
		{BA2E562E-2D3D-46B7-8881-B5823EED725B}.Release|Any CPU.Build.0 = Release|Any CPU
	EndGlobalSection
	GlobalSection(SolutionProperties) = preSolution
		HideSolutionNode = FALSE
	EndGlobalSection
	GlobalSection(ExtensibilityGlobals) = postSolution
		SolutionGuid = {6F9259ED-CB8A-44D8-BC24-82D3EF2B7F14}
	EndGlobalSection
EndGlobal
