
Microsoft Visual Studio Solution File, Format Version 12.00
# Visual Studio Version 17
VisualStudioVersion = 17.3.32922.545
MinimumVisualStudioVersion = 10.0.40219.1
Project("{8BC9CEB8-8B4A-11D0-8D11-00A0C91BC942}") = "ADS_Lab05", "ADS_Lab05\ADS_Lab05.vcxproj", "{E1AE98E3-BFDD-449D-867B-4DB13217DBE1}"
EndProject
Global
	GlobalSection(SolutionConfigurationPlatforms) = preSolution
		Debug|x64 = Debug|x64
		Debug|x86 = Debug|x86
		Release|x64 = Release|x64
		Release|x86 = Release|x86
	EndGlobalSection
	GlobalSection(ProjectConfigurationPlatforms) = postSolution
		{E1AE98E3-BFDD-449D-867B-4DB13217DBE1}.Debug|x64.ActiveCfg = Debug|x64
		{E1AE98E3-BFDD-449D-867B-4DB13217DBE1}.Debug|x64.Build.0 = Debug|x64
		{E1AE98E3-BFDD-449D-867B-4DB13217DBE1}.Debug|x86.ActiveCfg = Debug|Win32
		{E1AE98E3-BFDD-449D-867B-4DB13217DBE1}.Debug|x86.Build.0 = Debug|Win32
		{E1AE98E3-BFDD-449D-867B-4DB13217DBE1}.Release|x64.ActiveCfg = Release|x64
		{E1AE98E3-BFDD-449D-867B-4DB13217DBE1}.Release|x64.Build.0 = Release|x64
		{E1AE98E3-BFDD-449D-867B-4DB13217DBE1}.Release|x86.ActiveCfg = Release|Win32
		{E1AE98E3-BFDD-449D-867B-4DB13217DBE1}.Release|x86.Build.0 = Release|Win32
	EndGlobalSection
	GlobalSection(SolutionProperties) = preSolution
		HideSolutionNode = FALSE
	EndGlobalSection
	GlobalSection(ExtensibilityGlobals) = postSolution
		SolutionGuid = {23D4ECDF-D36D-440C-820B-4705A6C68F15}
	EndGlobalSection
EndGlobal
