
Microsoft Visual Studio Solution File, Format Version 12.00
# Visual Studio Version 17
VisualStudioVersion = 17.3.32922.545
MinimumVisualStudioVersion = 10.0.40219.1
Project("{FAE04EC0-301F-11D3-BF4B-00C04F79EFBC}") = "ADS_Lab8", "ADS_Lab8\ADS_Lab8.csproj", "{FA1B5092-B1B7-4856-9D76-25127B571748}"
EndProject
Global
	GlobalSection(SolutionConfigurationPlatforms) = preSolution
		Debug|Any CPU = Debug|Any CPU
		Release|Any CPU = Release|Any CPU
	EndGlobalSection
	GlobalSection(ProjectConfigurationPlatforms) = postSolution
		{FA1B5092-B1B7-4856-9D76-25127B571748}.Debug|Any CPU.ActiveCfg = Debug|Any CPU
		{FA1B5092-B1B7-4856-9D76-25127B571748}.Debug|Any CPU.Build.0 = Debug|Any CPU
		{FA1B5092-B1B7-4856-9D76-25127B571748}.Release|Any CPU.ActiveCfg = Release|Any CPU
		{FA1B5092-B1B7-4856-9D76-25127B571748}.Release|Any CPU.Build.0 = Release|Any CPU
	EndGlobalSection
	GlobalSection(SolutionProperties) = preSolution
		HideSolutionNode = FALSE
	EndGlobalSection
	GlobalSection(ExtensibilityGlobals) = postSolution
		SolutionGuid = {0DAD4282-7020-4C07-A677-91394E2C9E0B}
	EndGlobalSection
EndGlobal
