
Microsoft Visual Studio Solution File, Format Version 12.00
# Visual Studio Version 17
VisualStudioVersion = 17.3.32901.215
MinimumVisualStudioVersion = 10.0.40219.1
Project("{8BC9CEB8-8B4A-11D0-8D11-00A0C91BC942}") = "Лаба 2", "Лаба 2\Лаба 2.vcxproj", "{53C8D379-1754-419B-9945-DD5736B55F55}"
EndProject
Global
	GlobalSection(SolutionConfigurationPlatforms) = preSolution
		Debug|x64 = Debug|x64
		Debug|x86 = Debug|x86
		Release|x64 = Release|x64
		Release|x86 = Release|x86
	EndGlobalSection
	GlobalSection(ProjectConfigurationPlatforms) = postSolution
		{53C8D379-1754-419B-9945-DD5736B55F55}.Debug|x64.ActiveCfg = Debug|x64
		{53C8D379-1754-419B-9945-DD5736B55F55}.Debug|x64.Build.0 = Debug|x64
		{53C8D379-1754-419B-9945-DD5736B55F55}.Debug|x86.ActiveCfg = Debug|Win32
		{53C8D379-1754-419B-9945-DD5736B55F55}.Debug|x86.Build.0 = Debug|Win32
		{53C8D379-1754-419B-9945-DD5736B55F55}.Release|x64.ActiveCfg = Release|x64
		{53C8D379-1754-419B-9945-DD5736B55F55}.Release|x64.Build.0 = Release|x64
		{53C8D379-1754-419B-9945-DD5736B55F55}.Release|x86.ActiveCfg = Release|Win32
		{53C8D379-1754-419B-9945-DD5736B55F55}.Release|x86.Build.0 = Release|Win32
	EndGlobalSection
	GlobalSection(SolutionProperties) = preSolution
		HideSolutionNode = FALSE
	EndGlobalSection
	GlobalSection(ExtensibilityGlobals) = postSolution
		SolutionGuid = {95E99833-8E0B-4D07-B284-F826734C67AC}
	EndGlobalSection
EndGlobal
